
Microsoft Visual Studio Solution File, Format Version 12.00
# Visual Studio Version 17
VisualStudioVersion = 17.11.35222.181
MinimumVisualStudioVersion = 10.0.40219.1
Project("{FAE04EC0-301F-11D3-BF4B-00C04F79EFBC}") = "Elsowebapp", "Elsowebapp\Elsowebapp.csproj", "{CA09E549-6070-4F1F-85E9-EA1E8C2C4697}"
EndProject
Global
	GlobalSection(SolutionConfigurationPlatforms) = preSolution
		Debug|Any CPU = Debug|Any CPU
		Release|Any CPU = Release|Any CPU
	EndGlobalSection
	GlobalSection(ProjectConfigurationPlatforms) = postSolution
		{CA09E549-6070-4F1F-85E9-EA1E8C2C4697}.Debug|Any CPU.ActiveCfg = Debug|Any CPU
		{CA09E549-6070-4F1F-85E9-EA1E8C2C4697}.Debug|Any CPU.Build.0 = Debug|Any CPU
		{CA09E549-6070-4F1F-85E9-EA1E8C2C4697}.Release|Any CPU.ActiveCfg = Release|Any CPU
		{CA09E549-6070-4F1F-85E9-EA1E8C2C4697}.Release|Any CPU.Build.0 = Release|Any CPU
	EndGlobalSection
	GlobalSection(SolutionProperties) = preSolution
		HideSolutionNode = FALSE
	EndGlobalSection
	GlobalSection(ExtensibilityGlobals) = postSolution
		SolutionGuid = {C6DD0F18-7648-4C7C-AABC-2AFC9B0B2244}
	EndGlobalSection
EndGlobal
